
Microsoft Visual Studio Solution File, Format Version 12.00
# Visual Studio Version 17
VisualStudioVersion = 17.5.2.0
MinimumVisualStudioVersion = 10.0.40219.1
Project("{9A19103F-16F7-4668-BE54-9A1E7A4F7556}") = "CardsService", "CardsService\CardsService.csproj", "{CFCFB996-C703-A7AA-B96F-CC630672ED7B}"
EndProject
Project("{9A19103F-16F7-4668-BE54-9A1E7A4F7556}") = "CardsService.Tests", "CardsService.UnitTests\CardsService.Tests.csproj", "{6F8A8E79-9E1C-4049-9F2B-CCABF7DAA3DC}"
EndProject
Global
	GlobalSection(SolutionConfigurationPlatforms) = preSolution
		Debug|Any CPU = Debug|Any CPU
		Release|Any CPU = Release|Any CPU
	EndGlobalSection
	GlobalSection(ProjectConfigurationPlatforms) = postSolution
		{CFCFB996-C703-A7AA-B96F-CC630672ED7B}.Debug|Any CPU.ActiveCfg = Debug|Any CPU
		{CFCFB996-C703-A7AA-B96F-CC630672ED7B}.Debug|Any CPU.Build.0 = Debug|Any CPU
		{CFCFB996-C703-A7AA-B96F-CC630672ED7B}.Release|Any CPU.ActiveCfg = Release|Any CPU
		{CFCFB996-C703-A7AA-B96F-CC630672ED7B}.Release|Any CPU.Build.0 = Release|Any CPU
		{6F8A8E79-9E1C-4049-9F2B-CCABF7DAA3DC}.Debug|Any CPU.ActiveCfg = Debug|Any CPU
		{6F8A8E79-9E1C-4049-9F2B-CCABF7DAA3DC}.Debug|Any CPU.Build.0 = Debug|Any CPU
		{6F8A8E79-9E1C-4049-9F2B-CCABF7DAA3DC}.Release|Any CPU.ActiveCfg = Release|Any CPU
		{6F8A8E79-9E1C-4049-9F2B-CCABF7DAA3DC}.Release|Any CPU.Build.0 = Release|Any CPU
	EndGlobalSection
	GlobalSection(SolutionProperties) = preSolution
		HideSolutionNode = FALSE
	EndGlobalSection
	GlobalSection(ExtensibilityGlobals) = postSolution
		SolutionGuid = {86554787-F36D-4A50-9EAF-745497F8F775}
	EndGlobalSection
EndGlobal
